
Microsoft Visual Studio Solution File, Format Version 12.00
# Visual Studio Version 17
VisualStudioVersion = 17.10.35004.147
MinimumVisualStudioVersion = 10.0.40219.1
Project("{8BC9CEB8-8B4A-11D0-8D11-00A0C91BC942}") = "Algorythmization Lab_04_2", "Algorythmization Lab_04_2\Algorythmization Lab_04_2.vcxproj", "{3BA471EB-953D-4083-9BDD-01B9FF323C54}"
EndProject
Global
	GlobalSection(SolutionConfigurationPlatforms) = preSolution
		Debug|x64 = Debug|x64
		Debug|x86 = Debug|x86
		Release|x64 = Release|x64
		Release|x86 = Release|x86
	EndGlobalSection
	GlobalSection(ProjectConfigurationPlatforms) = postSolution
		{3BA471EB-953D-4083-9BDD-01B9FF323C54}.Debug|x64.ActiveCfg = Debug|x64
		{3BA471EB-953D-4083-9BDD-01B9FF323C54}.Debug|x64.Build.0 = Debug|x64
		{3BA471EB-953D-4083-9BDD-01B9FF323C54}.Debug|x86.ActiveCfg = Debug|Win32
		{3BA471EB-953D-4083-9BDD-01B9FF323C54}.Debug|x86.Build.0 = Debug|Win32
		{3BA471EB-953D-4083-9BDD-01B9FF323C54}.Release|x64.ActiveCfg = Release|x64
		{3BA471EB-953D-4083-9BDD-01B9FF323C54}.Release|x64.Build.0 = Release|x64
		{3BA471EB-953D-4083-9BDD-01B9FF323C54}.Release|x86.ActiveCfg = Release|Win32
		{3BA471EB-953D-4083-9BDD-01B9FF323C54}.Release|x86.Build.0 = Release|Win32
	EndGlobalSection
	GlobalSection(SolutionProperties) = preSolution
		HideSolutionNode = FALSE
	EndGlobalSection
	GlobalSection(ExtensibilityGlobals) = postSolution
		SolutionGuid = {4BF3FF75-2733-4934-85FC-5664DCAC37BC}
	EndGlobalSection
EndGlobal
